
Microsoft Visual Studio Solution File, Format Version 12.00
# Visual Studio 2012
Project("{FAE04EC0-301F-11D3-BF4B-00C04F79EFBC}") = "fluentCalc", "ClassLibrary1\fluentCalc.csproj", "{5FD92037-296D-40BE-B07D-A69DD3ABBF62}"
EndProject
Project("{FAE04EC0-301F-11D3-BF4B-00C04F79EFBC}") = "fluentCalcTest", "fluentCalcTest\fluentCalcTest.csproj", "{EFF07F30-0B0B-41A2-8C11-1FA14971F11F}"
EndProject
Global
	GlobalSection(SolutionConfigurationPlatforms) = preSolution
		Debug|Any CPU = Debug|Any CPU
		Release|Any CPU = Release|Any CPU
	EndGlobalSection
	GlobalSection(ProjectConfigurationPlatforms) = postSolution
		{5FD92037-296D-40BE-B07D-A69DD3ABBF62}.Debug|Any CPU.ActiveCfg = Debug|Any CPU
		{5FD92037-296D-40BE-B07D-A69DD3ABBF62}.Debug|Any CPU.Build.0 = Debug|Any CPU
		{5FD92037-296D-40BE-B07D-A69DD3ABBF62}.Release|Any CPU.ActiveCfg = Release|Any CPU
		{5FD92037-296D-40BE-B07D-A69DD3ABBF62}.Release|Any CPU.Build.0 = Release|Any CPU
		{EFF07F30-0B0B-41A2-8C11-1FA14971F11F}.Debug|Any CPU.ActiveCfg = Debug|Any CPU
		{EFF07F30-0B0B-41A2-8C11-1FA14971F11F}.Debug|Any CPU.Build.0 = Debug|Any CPU
		{EFF07F30-0B0B-41A2-8C11-1FA14971F11F}.Release|Any CPU.ActiveCfg = Release|Any CPU
		{EFF07F30-0B0B-41A2-8C11-1FA14971F11F}.Release|Any CPU.Build.0 = Release|Any CPU
	EndGlobalSection
	GlobalSection(SolutionProperties) = preSolution
		HideSolutionNode = FALSE
	EndGlobalSection
EndGlobal
